
Microsoft Visual Studio Solution File, Format Version 12.00
# Visual Studio Version 17
VisualStudioVersion = 17.7.34221.43
MinimumVisualStudioVersion = 10.0.40219.1
Project("{8BC9CEB8-8B4A-11D0-8D11-00A0C91BC942}") = "Bai001", "Bai001\Bai001.vcxproj", "{3D57AD03-8363-4547-B4B8-EDC91C110FD6}"
EndProject
Project("{8BC9CEB8-8B4A-11D0-8D11-00A0C91BC942}") = "Bai002", "Bai002\Bai002.vcxproj", "{30547749-EBB5-46E1-B960-D4E728E0A0DA}"
EndProject
Project("{8BC9CEB8-8B4A-11D0-8D11-00A0C91BC942}") = "Bai003", "Bai003\Bai003.vcxproj", "{4BAD8E56-226D-4512-8417-633193A7493C}"
EndProject
Project("{8BC9CEB8-8B4A-11D0-8D11-00A0C91BC942}") = "Bai004", "Bai004\Bai004.vcxproj", "{8CB37DE5-C2C9-40C5-AB94-461FC6E8AF7E}"
EndProject
Project("{8BC9CEB8-8B4A-11D0-8D11-00A0C91BC942}") = "Bai005", "Bai005\Bai005.vcxproj", "{E13DE134-677F-4955-9D9D-04A324EF95C1}"
EndProject
Project("{8BC9CEB8-8B4A-11D0-8D11-00A0C91BC942}") = "Bai006", "Bai006\Bai006.vcxproj", "{088E40F9-6F6C-4645-B40A-E84C3A928038}"
EndProject
Project("{8BC9CEB8-8B4A-11D0-8D11-00A0C91BC942}") = "Bai007", "Bai007\Bai007.vcxproj", "{898F633E-16B8-4955-958F-EE52C684D3A0}"
EndProject
Project("{8BC9CEB8-8B4A-11D0-8D11-00A0C91BC942}") = "Bai008", "Bai008\Bai008.vcxproj", "{70A3AD2B-7936-49B4-AD86-25A4981764A3}"
EndProject
Project("{8BC9CEB8-8B4A-11D0-8D11-00A0C91BC942}") = "Bai009", "Bai009\Bai009.vcxproj", "{40EF63CD-13EC-4ABB-9C59-CA49F38A843B}"
EndProject
Project("{8BC9CEB8-8B4A-11D0-8D11-00A0C91BC942}") = "Bai010", "Bai010\Bai010.vcxproj", "{7738C40E-7FDC-4C52-982A-1BB820E4EF66}"
EndProject
Project("{8BC9CEB8-8B4A-11D0-8D11-00A0C91BC942}") = "Bai011", "Bai011\Bai011.vcxproj", "{9521A1CF-AF80-413C-8980-1CC2B06EC3B2}"
EndProject
Project("{8BC9CEB8-8B4A-11D0-8D11-00A0C91BC942}") = "Bai012", "Bai012\Bai012.vcxproj", "{954D2642-FE79-4563-B414-A82014A3E525}"
EndProject
Project("{8BC9CEB8-8B4A-11D0-8D11-00A0C91BC942}") = "Bai013", "Bai013\Bai013.vcxproj", "{0202BE38-8C8B-45E2-A8B2-6A7DAB392C4B}"
EndProject
Project("{8BC9CEB8-8B4A-11D0-8D11-00A0C91BC942}") = "Bai014", "Bai014\Bai014.vcxproj", "{6B2C96C9-8E2B-4042-AE9D-0D4BF1218EA0}"
EndProject
Project("{8BC9CEB8-8B4A-11D0-8D11-00A0C91BC942}") = "Bai015", "Bai015\Bai015.vcxproj", "{7F6D5269-59B1-44D2-8EE8-6199E1777871}"
EndProject
Project("{8BC9CEB8-8B4A-11D0-8D11-00A0C91BC942}") = "Bai016", "Bai016\Bai016.vcxproj", "{F9BB3C4A-6E55-41A5-862B-2B32D1212032}"
EndProject
Project("{8BC9CEB8-8B4A-11D0-8D11-00A0C91BC942}") = "Bai017", "Bai017\Bai017.vcxproj", "{92A4DFFF-8F77-490E-BFB8-8A487129E120}"
EndProject
Project("{8BC9CEB8-8B4A-11D0-8D11-00A0C91BC942}") = "Bai018", "Bai018\Bai018.vcxproj", "{12622DC2-C514-44F9-A538-CA7353E1CCE5}"
EndProject
Project("{8BC9CEB8-8B4A-11D0-8D11-00A0C91BC942}") = "Bai019", "Bai019\Bai019.vcxproj", "{42AFB0A6-A644-4601-A37C-8D034661BB8B}"
EndProject
Project("{8BC9CEB8-8B4A-11D0-8D11-00A0C91BC942}") = "Bai020", "Bai020\Bai020.vcxproj", "{69D66B2A-B16F-468C-BFAC-1859938BF068}"
EndProject
Project("{8BC9CEB8-8B4A-11D0-8D11-00A0C91BC942}") = "Bai021", "Bai021\Bai021.vcxproj", "{EBA001FA-20C9-4083-BEBF-13925B00B4B0}"
EndProject
Project("{8BC9CEB8-8B4A-11D0-8D11-00A0C91BC942}") = "Bai022", "Bai022\Bai022.vcxproj", "{0CF1D78F-3C16-448A-9712-445008E40822}"
EndProject
Project("{8BC9CEB8-8B4A-11D0-8D11-00A0C91BC942}") = "Bai023", "Bai023\Bai023.vcxproj", "{4B11EFB3-D268-42FB-A105-4F36791F722B}"
EndProject
Project("{8BC9CEB8-8B4A-11D0-8D11-00A0C91BC942}") = "Bai024", "Bai024\Bai024.vcxproj", "{C0F7C6B5-6C13-4C50-9A15-13CF660217B8}"
EndProject
Project("{8BC9CEB8-8B4A-11D0-8D11-00A0C91BC942}") = "Bai025", "Bai025\Bai025.vcxproj", "{8BF615C2-B623-4F2A-8416-8903865D59E4}"
EndProject
Project("{8BC9CEB8-8B4A-11D0-8D11-00A0C91BC942}") = "Bai026", "Bai026\Bai026.vcxproj", "{DF43504F-60E1-4580-A584-B92C931AC671}"
EndProject
Project("{8BC9CEB8-8B4A-11D0-8D11-00A0C91BC942}") = "Bai027", "Bai027\Bai027.vcxproj", "{4468F280-5063-4C15-9DE8-249D7ABE95F6}"
EndProject
Project("{8BC9CEB8-8B4A-11D0-8D11-00A0C91BC942}") = "Bai028", "Bai028\Bai028.vcxproj", "{A75C2E40-063F-4321-8D3B-942670653A16}"
EndProject
Project("{8BC9CEB8-8B4A-11D0-8D11-00A0C91BC942}") = "Bai029", "Bai029\Bai029.vcxproj", "{2854A2F6-6C7C-468E-A686-E88444E4D542}"
EndProject
Project("{8BC9CEB8-8B4A-11D0-8D11-00A0C91BC942}") = "Bai030", "Bai030\Bai030.vcxproj", "{6FA5D98C-C8C9-433F-9B47-9900CA91AE64}"
EndProject
Project("{8BC9CEB8-8B4A-11D0-8D11-00A0C91BC942}") = "Bai031", "Bai031\Bai031.vcxproj", "{90A61885-228B-48F2-9F15-8555DBEF96AF}"
EndProject
Project("{8BC9CEB8-8B4A-11D0-8D11-00A0C91BC942}") = "Bai032", "Bai032\Bai032.vcxproj", "{E16B6C9E-AA91-4C1F-8A5D-8267947B927D}"
EndProject
Project("{8BC9CEB8-8B4A-11D0-8D11-00A0C91BC942}") = "Bai033", "Bai033\Bai033.vcxproj", "{283B3A55-B999-4318-AA63-402DD621C8EC}"
EndProject
Project("{8BC9CEB8-8B4A-11D0-8D11-00A0C91BC942}") = "Bai034", "Bai034\Bai034.vcxproj", "{118DC290-5C05-4323-81F9-F7D373B68AB3}"
EndProject
Project("{8BC9CEB8-8B4A-11D0-8D11-00A0C91BC942}") = "Bai035", "Bai035\Bai035.vcxproj", "{DED06D87-61E2-4AA5-9BDA-530EC876BC17}"
EndProject
Project("{8BC9CEB8-8B4A-11D0-8D11-00A0C91BC942}") = "Bai036", "Bai036\Bai036.vcxproj", "{FFC22340-A203-4506-A769-012C7677C9CA}"
EndProject
Project("{8BC9CEB8-8B4A-11D0-8D11-00A0C91BC942}") = "Bai037", "Bai037\Bai037.vcxproj", "{59A7DA06-0863-426B-AE8B-7AAD3817BA06}"
EndProject
Project("{8BC9CEB8-8B4A-11D0-8D11-00A0C91BC942}") = "Bai039", "Bai039\Bai039.vcxproj", "{586A7A4A-7071-4B82-8037-92C020D119BA}"
EndProject
Project("{8BC9CEB8-8B4A-11D0-8D11-00A0C91BC942}") = "Bai038", "Bai038\Bai038.vcxproj", "{AF4E4962-D061-4010-92AA-84F9495443C3}"
EndProject
Project("{8BC9CEB8-8B4A-11D0-8D11-00A0C91BC942}") = "Bai040", "Bai040\Bai040.vcxproj", "{60A9C524-86F6-4327-BCDF-38E436688A9E}"
EndProject
Project("{8BC9CEB8-8B4A-11D0-8D11-00A0C91BC942}") = "Bai041", "Bai041\Bai041.vcxproj", "{D3898A18-4645-4A59-9304-2237CFB5ADB9}"
EndProject
Project("{8BC9CEB8-8B4A-11D0-8D11-00A0C91BC942}") = "Bai042", "Bai042\Bai042.vcxproj", "{31DA9906-101B-4E18-B0A3-1CCA1D3937F8}"
EndProject
Project("{8BC9CEB8-8B4A-11D0-8D11-00A0C91BC942}") = "Bai043", "Bai043\Bai043.vcxproj", "{D771DB4C-5DD0-445B-8809-90726AA928BC}"
EndProject
Project("{8BC9CEB8-8B4A-11D0-8D11-00A0C91BC942}") = "Bai044", "Bai044\Bai044.vcxproj", "{D6BA4B56-FB7D-46FB-B964-33B17C4D84F6}"
EndProject
Project("{8BC9CEB8-8B4A-11D0-8D11-00A0C91BC942}") = "Bai045", "Bai045\Bai045.vcxproj", "{0547665B-0325-4516-8575-C9E9502D1106}"
EndProject
Project("{8BC9CEB8-8B4A-11D0-8D11-00A0C91BC942}") = "Bai046", "Bai046\Bai046.vcxproj", "{00E54226-6758-4E65-98B2-7B5655330B57}"
EndProject
Project("{8BC9CEB8-8B4A-11D0-8D11-00A0C91BC942}") = "Bai047remake", "Bai047remake\Bai047remake.vcxproj", "{BD8483F7-5A26-43D3-9F7A-98295155DEE3}"
EndProject
Project("{8BC9CEB8-8B4A-11D0-8D11-00A0C91BC942}") = "Bai048", "Bai048\Bai048.vcxproj", "{DDAE69AB-D29B-45D6-8558-A326C976CF24}"
EndProject
Global
	GlobalSection(SolutionConfigurationPlatforms) = preSolution
		Debug|x64 = Debug|x64
		Debug|x86 = Debug|x86
		Release|x64 = Release|x64
		Release|x86 = Release|x86
	EndGlobalSection
	GlobalSection(ProjectConfigurationPlatforms) = postSolution
		{3D57AD03-8363-4547-B4B8-EDC91C110FD6}.Debug|x64.ActiveCfg = Debug|x64
		{3D57AD03-8363-4547-B4B8-EDC91C110FD6}.Debug|x64.Build.0 = Debug|x64
		{3D57AD03-8363-4547-B4B8-EDC91C110FD6}.Debug|x86.ActiveCfg = Debug|Win32
		{3D57AD03-8363-4547-B4B8-EDC91C110FD6}.Debug|x86.Build.0 = Debug|Win32
		{3D57AD03-8363-4547-B4B8-EDC91C110FD6}.Release|x64.ActiveCfg = Release|x64
		{3D57AD03-8363-4547-B4B8-EDC91C110FD6}.Release|x64.Build.0 = Release|x64
		{3D57AD03-8363-4547-B4B8-EDC91C110FD6}.Release|x86.ActiveCfg = Release|Win32
		{3D57AD03-8363-4547-B4B8-EDC91C110FD6}.Release|x86.Build.0 = Release|Win32
		{30547749-EBB5-46E1-B960-D4E728E0A0DA}.Debug|x64.ActiveCfg = Debug|x64
		{30547749-EBB5-46E1-B960-D4E728E0A0DA}.Debug|x64.Build.0 = Debug|x64
		{30547749-EBB5-46E1-B960-D4E728E0A0DA}.Debug|x86.ActiveCfg = Debug|Win32
		{30547749-EBB5-46E1-B960-D4E728E0A0DA}.Debug|x86.Build.0 = Debug|Win32
		{30547749-EBB5-46E1-B960-D4E728E0A0DA}.Release|x64.ActiveCfg = Release|x64
		{30547749-EBB5-46E1-B960-D4E728E0A0DA}.Release|x64.Build.0 = Release|x64
		{30547749-EBB5-46E1-B960-D4E728E0A0DA}.Release|x86.ActiveCfg = Release|Win32
		{30547749-EBB5-46E1-B960-D4E728E0A0DA}.Release|x86.Build.0 = Release|Win32
		{4BAD8E56-226D-4512-8417-633193A7493C}.Debug|x64.ActiveCfg = Debug|x64
		{4BAD8E56-226D-4512-8417-633193A7493C}.Debug|x64.Build.0 = Debug|x64
		{4BAD8E56-226D-4512-8417-633193A7493C}.Debug|x86.ActiveCfg = Debug|Win32
		{4BAD8E56-226D-4512-8417-633193A7493C}.Debug|x86.Build.0 = Debug|Win32
		{4BAD8E56-226D-4512-8417-633193A7493C}.Release|x64.ActiveCfg = Release|x64
		{4BAD8E56-226D-4512-8417-633193A7493C}.Release|x64.Build.0 = Release|x64
		{4BAD8E56-226D-4512-8417-633193A7493C}.Release|x86.ActiveCfg = Release|Win32
		{4BAD8E56-226D-4512-8417-633193A7493C}.Release|x86.Build.0 = Release|Win32
		{8CB37DE5-C2C9-40C5-AB94-461FC6E8AF7E}.Debug|x64.ActiveCfg = Debug|x64
		{8CB37DE5-C2C9-40C5-AB94-461FC6E8AF7E}.Debug|x64.Build.0 = Debug|x64
		{8CB37DE5-C2C9-40C5-AB94-461FC6E8AF7E}.Debug|x86.ActiveCfg = Debug|Win32
		{8CB37DE5-C2C9-40C5-AB94-461FC6E8AF7E}.Debug|x86.Build.0 = Debug|Win32
		{8CB37DE5-C2C9-40C5-AB94-461FC6E8AF7E}.Release|x64.ActiveCfg = Release|x64
		{8CB37DE5-C2C9-40C5-AB94-461FC6E8AF7E}.Release|x64.Build.0 = Release|x64
		{8CB37DE5-C2C9-40C5-AB94-461FC6E8AF7E}.Release|x86.ActiveCfg = Release|Win32
		{8CB37DE5-C2C9-40C5-AB94-461FC6E8AF7E}.Release|x86.Build.0 = Release|Win32
		{E13DE134-677F-4955-9D9D-04A324EF95C1}.Debug|x64.ActiveCfg = Debug|x64
		{E13DE134-677F-4955-9D9D-04A324EF95C1}.Debug|x64.Build.0 = Debug|x64
		{E13DE134-677F-4955-9D9D-04A324EF95C1}.Debug|x86.ActiveCfg = Debug|Win32
		{E13DE134-677F-4955-9D9D-04A324EF95C1}.Debug|x86.Build.0 = Debug|Win32
		{E13DE134-677F-4955-9D9D-04A324EF95C1}.Release|x64.ActiveCfg = Release|x64
		{E13DE134-677F-4955-9D9D-04A324EF95C1}.Release|x64.Build.0 = Release|x64
		{E13DE134-677F-4955-9D9D-04A324EF95C1}.Release|x86.ActiveCfg = Release|Win32
		{E13DE134-677F-4955-9D9D-04A324EF95C1}.Release|x86.Build.0 = Release|Win32
		{088E40F9-6F6C-4645-B40A-E84C3A928038}.Debug|x64.ActiveCfg = Debug|x64
		{088E40F9-6F6C-4645-B40A-E84C3A928038}.Debug|x64.Build.0 = Debug|x64
		{088E40F9-6F6C-4645-B40A-E84C3A928038}.Debug|x86.ActiveCfg = Debug|Win32
		{088E40F9-6F6C-4645-B40A-E84C3A928038}.Debug|x86.Build.0 = Debug|Win32
		{088E40F9-6F6C-4645-B40A-E84C3A928038}.Release|x64.ActiveCfg = Release|x64
		{088E40F9-6F6C-4645-B40A-E84C3A928038}.Release|x64.Build.0 = Release|x64
		{088E40F9-6F6C-4645-B40A-E84C3A928038}.Release|x86.ActiveCfg = Release|Win32
		{088E40F9-6F6C-4645-B40A-E84C3A928038}.Release|x86.Build.0 = Release|Win32
		{898F633E-16B8-4955-958F-EE52C684D3A0}.Debug|x64.ActiveCfg = Debug|x64
		{898F633E-16B8-4955-958F-EE52C684D3A0}.Debug|x64.Build.0 = Debug|x64
		{898F633E-16B8-4955-958F-EE52C684D3A0}.Debug|x86.ActiveCfg = Debug|Win32
		{898F633E-16B8-4955-958F-EE52C684D3A0}.Debug|x86.Build.0 = Debug|Win32
		{898F633E-16B8-4955-958F-EE52C684D3A0}.Release|x64.ActiveCfg = Release|x64
		{898F633E-16B8-4955-958F-EE52C684D3A0}.Release|x64.Build.0 = Release|x64
		{898F633E-16B8-4955-958F-EE52C684D3A0}.Release|x86.ActiveCfg = Release|Win32
		{898F633E-16B8-4955-958F-EE52C684D3A0}.Release|x86.Build.0 = Release|Win32
		{70A3AD2B-7936-49B4-AD86-25A4981764A3}.Debug|x64.ActiveCfg = Debug|x64
		{70A3AD2B-7936-49B4-AD86-25A4981764A3}.Debug|x64.Build.0 = Debug|x64
		{70A3AD2B-7936-49B4-AD86-25A4981764A3}.Debug|x86.ActiveCfg = Debug|Win32
		{70A3AD2B-7936-49B4-AD86-25A4981764A3}.Debug|x86.Build.0 = Debug|Win32
		{70A3AD2B-7936-49B4-AD86-25A4981764A3}.Release|x64.ActiveCfg = Release|x64
		{70A3AD2B-7936-49B4-AD86-25A4981764A3}.Release|x64.Build.0 = Release|x64
		{70A3AD2B-7936-49B4-AD86-25A4981764A3}.Release|x86.ActiveCfg = Release|Win32
		{70A3AD2B-7936-49B4-AD86-25A4981764A3}.Release|x86.Build.0 = Release|Win32
		{40EF63CD-13EC-4ABB-9C59-CA49F38A843B}.Debug|x64.ActiveCfg = Debug|x64
		{40EF63CD-13EC-4ABB-9C59-CA49F38A843B}.Debug|x64.Build.0 = Debug|x64
		{40EF63CD-13EC-4ABB-9C59-CA49F38A843B}.Debug|x86.ActiveCfg = Debug|Win32
		{40EF63CD-13EC-4ABB-9C59-CA49F38A843B}.Debug|x86.Build.0 = Debug|Win32
		{40EF63CD-13EC-4ABB-9C59-CA49F38A843B}.Release|x64.ActiveCfg = Release|x64
		{40EF63CD-13EC-4ABB-9C59-CA49F38A843B}.Release|x64.Build.0 = Release|x64
		{40EF63CD-13EC-4ABB-9C59-CA49F38A843B}.Release|x86.ActiveCfg = Release|Win32
		{40EF63CD-13EC-4ABB-9C59-CA49F38A843B}.Release|x86.Build.0 = Release|Win32
		{7738C40E-7FDC-4C52-982A-1BB820E4EF66}.Debug|x64.ActiveCfg = Debug|x64
		{7738C40E-7FDC-4C52-982A-1BB820E4EF66}.Debug|x64.Build.0 = Debug|x64
		{7738C40E-7FDC-4C52-982A-1BB820E4EF66}.Debug|x86.ActiveCfg = Debug|Win32
		{7738C40E-7FDC-4C52-982A-1BB820E4EF66}.Debug|x86.Build.0 = Debug|Win32
		{7738C40E-7FDC-4C52-982A-1BB820E4EF66}.Release|x64.ActiveCfg = Release|x64
		{7738C40E-7FDC-4C52-982A-1BB820E4EF66}.Release|x64.Build.0 = Release|x64
		{7738C40E-7FDC-4C52-982A-1BB820E4EF66}.Release|x86.ActiveCfg = Release|Win32
		{7738C40E-7FDC-4C52-982A-1BB820E4EF66}.Release|x86.Build.0 = Release|Win32
		{9521A1CF-AF80-413C-8980-1CC2B06EC3B2}.Debug|x64.ActiveCfg = Debug|x64
		{9521A1CF-AF80-413C-8980-1CC2B06EC3B2}.Debug|x64.Build.0 = Debug|x64
		{9521A1CF-AF80-413C-8980-1CC2B06EC3B2}.Debug|x86.ActiveCfg = Debug|Win32
		{9521A1CF-AF80-413C-8980-1CC2B06EC3B2}.Debug|x86.Build.0 = Debug|Win32
		{9521A1CF-AF80-413C-8980-1CC2B06EC3B2}.Release|x64.ActiveCfg = Release|x64
		{9521A1CF-AF80-413C-8980-1CC2B06EC3B2}.Release|x64.Build.0 = Release|x64
		{9521A1CF-AF80-413C-8980-1CC2B06EC3B2}.Release|x86.ActiveCfg = Release|Win32
		{9521A1CF-AF80-413C-8980-1CC2B06EC3B2}.Release|x86.Build.0 = Release|Win32
		{954D2642-FE79-4563-B414-A82014A3E525}.Debug|x64.ActiveCfg = Debug|x64
		{954D2642-FE79-4563-B414-A82014A3E525}.Debug|x64.Build.0 = Debug|x64
		{954D2642-FE79-4563-B414-A82014A3E525}.Debug|x86.ActiveCfg = Debug|Win32
		{954D2642-FE79-4563-B414-A82014A3E525}.Debug|x86.Build.0 = Debug|Win32
		{954D2642-FE79-4563-B414-A82014A3E525}.Release|x64.ActiveCfg = Release|x64
		{954D2642-FE79-4563-B414-A82014A3E525}.Release|x64.Build.0 = Release|x64
		{954D2642-FE79-4563-B414-A82014A3E525}.Release|x86.ActiveCfg = Release|Win32
		{954D2642-FE79-4563-B414-A82014A3E525}.Release|x86.Build.0 = Release|Win32
		{0202BE38-8C8B-45E2-A8B2-6A7DAB392C4B}.Debug|x64.ActiveCfg = Debug|x64
		{0202BE38-8C8B-45E2-A8B2-6A7DAB392C4B}.Debug|x64.Build.0 = Debug|x64
		{0202BE38-8C8B-45E2-A8B2-6A7DAB392C4B}.Debug|x86.ActiveCfg = Debug|Win32
		{0202BE38-8C8B-45E2-A8B2-6A7DAB392C4B}.Debug|x86.Build.0 = Debug|Win32
		{0202BE38-8C8B-45E2-A8B2-6A7DAB392C4B}.Release|x64.ActiveCfg = Release|x64
		{0202BE38-8C8B-45E2-A8B2-6A7DAB392C4B}.Release|x64.Build.0 = Release|x64
		{0202BE38-8C8B-45E2-A8B2-6A7DAB392C4B}.Release|x86.ActiveCfg = Release|Win32
		{0202BE38-8C8B-45E2-A8B2-6A7DAB392C4B}.Release|x86.Build.0 = Release|Win32
		{6B2C96C9-8E2B-4042-AE9D-0D4BF1218EA0}.Debug|x64.ActiveCfg = Debug|x64
		{6B2C96C9-8E2B-4042-AE9D-0D4BF1218EA0}.Debug|x64.Build.0 = Debug|x64
		{6B2C96C9-8E2B-4042-AE9D-0D4BF1218EA0}.Debug|x86.ActiveCfg = Debug|Win32
		{6B2C96C9-8E2B-4042-AE9D-0D4BF1218EA0}.Debug|x86.Build.0 = Debug|Win32
		{6B2C96C9-8E2B-4042-AE9D-0D4BF1218EA0}.Release|x64.ActiveCfg = Release|x64
		{6B2C96C9-8E2B-4042-AE9D-0D4BF1218EA0}.Release|x64.Build.0 = Release|x64
		{6B2C96C9-8E2B-4042-AE9D-0D4BF1218EA0}.Release|x86.ActiveCfg = Release|Win32
		{6B2C96C9-8E2B-4042-AE9D-0D4BF1218EA0}.Release|x86.Build.0 = Release|Win32
		{7F6D5269-59B1-44D2-8EE8-6199E1777871}.Debug|x64.ActiveCfg = Debug|x64
		{7F6D5269-59B1-44D2-8EE8-6199E1777871}.Debug|x64.Build.0 = Debug|x64
		{7F6D5269-59B1-44D2-8EE8-6199E1777871}.Debug|x86.ActiveCfg = Debug|Win32
		{7F6D5269-59B1-44D2-8EE8-6199E1777871}.Debug|x86.Build.0 = Debug|Win32
		{7F6D5269-59B1-44D2-8EE8-6199E1777871}.Release|x64.ActiveCfg = Release|x64
		{7F6D5269-59B1-44D2-8EE8-6199E1777871}.Release|x64.Build.0 = Release|x64
		{7F6D5269-59B1-44D2-8EE8-6199E1777871}.Release|x86.ActiveCfg = Release|Win32
		{7F6D5269-59B1-44D2-8EE8-6199E1777871}.Release|x86.Build.0 = Release|Win32
		{F9BB3C4A-6E55-41A5-862B-2B32D1212032}.Debug|x64.ActiveCfg = Debug|x64
		{F9BB3C4A-6E55-41A5-862B-2B32D1212032}.Debug|x64.Build.0 = Debug|x64
		{F9BB3C4A-6E55-41A5-862B-2B32D1212032}.Debug|x86.ActiveCfg = Debug|Win32
		{F9BB3C4A-6E55-41A5-862B-2B32D1212032}.Debug|x86.Build.0 = Debug|Win32
		{F9BB3C4A-6E55-41A5-862B-2B32D1212032}.Release|x64.ActiveCfg = Release|x64
		{F9BB3C4A-6E55-41A5-862B-2B32D1212032}.Release|x64.Build.0 = Release|x64
		{F9BB3C4A-6E55-41A5-862B-2B32D1212032}.Release|x86.ActiveCfg = Release|Win32
		{F9BB3C4A-6E55-41A5-862B-2B32D1212032}.Release|x86.Build.0 = Release|Win32
		{92A4DFFF-8F77-490E-BFB8-8A487129E120}.Debug|x64.ActiveCfg = Debug|x64
		{92A4DFFF-8F77-490E-BFB8-8A487129E120}.Debug|x64.Build.0 = Debug|x64
		{92A4DFFF-8F77-490E-BFB8-8A487129E120}.Debug|x86.ActiveCfg = Debug|Win32
		{92A4DFFF-8F77-490E-BFB8-8A487129E120}.Debug|x86.Build.0 = Debug|Win32
		{92A4DFFF-8F77-490E-BFB8-8A487129E120}.Release|x64.ActiveCfg = Release|x64
		{92A4DFFF-8F77-490E-BFB8-8A487129E120}.Release|x64.Build.0 = Release|x64
		{92A4DFFF-8F77-490E-BFB8-8A487129E120}.Release|x86.ActiveCfg = Release|Win32
		{92A4DFFF-8F77-490E-BFB8-8A487129E120}.Release|x86.Build.0 = Release|Win32
		{12622DC2-C514-44F9-A538-CA7353E1CCE5}.Debug|x64.ActiveCfg = Debug|x64
		{12622DC2-C514-44F9-A538-CA7353E1CCE5}.Debug|x64.Build.0 = Debug|x64
		{12622DC2-C514-44F9-A538-CA7353E1CCE5}.Debug|x86.ActiveCfg = Debug|Win32
		{12622DC2-C514-44F9-A538-CA7353E1CCE5}.Debug|x86.Build.0 = Debug|Win32
		{12622DC2-C514-44F9-A538-CA7353E1CCE5}.Release|x64.ActiveCfg = Release|x64
		{12622DC2-C514-44F9-A538-CA7353E1CCE5}.Release|x64.Build.0 = Release|x64
		{12622DC2-C514-44F9-A538-CA7353E1CCE5}.Release|x86.ActiveCfg = Release|Win32
		{12622DC2-C514-44F9-A538-CA7353E1CCE5}.Release|x86.Build.0 = Release|Win32
		{42AFB0A6-A644-4601-A37C-8D034661BB8B}.Debug|x64.ActiveCfg = Debug|x64
		{42AFB0A6-A644-4601-A37C-8D034661BB8B}.Debug|x64.Build.0 = Debug|x64
		{42AFB0A6-A644-4601-A37C-8D034661BB8B}.Debug|x86.ActiveCfg = Debug|Win32
		{42AFB0A6-A644-4601-A37C-8D034661BB8B}.Debug|x86.Build.0 = Debug|Win32
		{42AFB0A6-A644-4601-A37C-8D034661BB8B}.Release|x64.ActiveCfg = Release|x64
		{42AFB0A6-A644-4601-A37C-8D034661BB8B}.Release|x64.Build.0 = Release|x64
		{42AFB0A6-A644-4601-A37C-8D034661BB8B}.Release|x86.ActiveCfg = Release|Win32
		{42AFB0A6-A644-4601-A37C-8D034661BB8B}.Release|x86.Build.0 = Release|Win32
		{69D66B2A-B16F-468C-BFAC-1859938BF068}.Debug|x64.ActiveCfg = Debug|x64
		{69D66B2A-B16F-468C-BFAC-1859938BF068}.Debug|x64.Build.0 = Debug|x64
		{69D66B2A-B16F-468C-BFAC-1859938BF068}.Debug|x86.ActiveCfg = Debug|Win32
		{69D66B2A-B16F-468C-BFAC-1859938BF068}.Debug|x86.Build.0 = Debug|Win32
		{69D66B2A-B16F-468C-BFAC-1859938BF068}.Release|x64.ActiveCfg = Release|x64
		{69D66B2A-B16F-468C-BFAC-1859938BF068}.Release|x64.Build.0 = Release|x64
		{69D66B2A-B16F-468C-BFAC-1859938BF068}.Release|x86.ActiveCfg = Release|Win32
		{69D66B2A-B16F-468C-BFAC-1859938BF068}.Release|x86.Build.0 = Release|Win32
		{EBA001FA-20C9-4083-BEBF-13925B00B4B0}.Debug|x64.ActiveCfg = Debug|x64
		{EBA001FA-20C9-4083-BEBF-13925B00B4B0}.Debug|x64.Build.0 = Debug|x64
		{EBA001FA-20C9-4083-BEBF-13925B00B4B0}.Debug|x86.ActiveCfg = Debug|Win32
		{EBA001FA-20C9-4083-BEBF-13925B00B4B0}.Debug|x86.Build.0 = Debug|Win32
		{EBA001FA-20C9-4083-BEBF-13925B00B4B0}.Release|x64.ActiveCfg = Release|x64
		{EBA001FA-20C9-4083-BEBF-13925B00B4B0}.Release|x64.Build.0 = Release|x64
		{EBA001FA-20C9-4083-BEBF-13925B00B4B0}.Release|x86.ActiveCfg = Release|Win32
		{EBA001FA-20C9-4083-BEBF-13925B00B4B0}.Release|x86.Build.0 = Release|Win32
		{0CF1D78F-3C16-448A-9712-445008E40822}.Debug|x64.ActiveCfg = Debug|x64
		{0CF1D78F-3C16-448A-9712-445008E40822}.Debug|x64.Build.0 = Debug|x64
		{0CF1D78F-3C16-448A-9712-445008E40822}.Debug|x86.ActiveCfg = Debug|Win32
		{0CF1D78F-3C16-448A-9712-445008E40822}.Debug|x86.Build.0 = Debug|Win32
		{0CF1D78F-3C16-448A-9712-445008E40822}.Release|x64.ActiveCfg = Release|x64
		{0CF1D78F-3C16-448A-9712-445008E40822}.Release|x64.Build.0 = Release|x64
		{0CF1D78F-3C16-448A-9712-445008E40822}.Release|x86.ActiveCfg = Release|Win32
		{0CF1D78F-3C16-448A-9712-445008E40822}.Release|x86.Build.0 = Release|Win32
		{4B11EFB3-D268-42FB-A105-4F36791F722B}.Debug|x64.ActiveCfg = Debug|x64
		{4B11EFB3-D268-42FB-A105-4F36791F722B}.Debug|x64.Build.0 = Debug|x64
		{4B11EFB3-D268-42FB-A105-4F36791F722B}.Debug|x86.ActiveCfg = Debug|Win32
		{4B11EFB3-D268-42FB-A105-4F36791F722B}.Debug|x86.Build.0 = Debug|Win32
		{4B11EFB3-D268-42FB-A105-4F36791F722B}.Release|x64.ActiveCfg = Release|x64
		{4B11EFB3-D268-42FB-A105-4F36791F722B}.Release|x64.Build.0 = Release|x64
		{4B11EFB3-D268-42FB-A105-4F36791F722B}.Release|x86.ActiveCfg = Release|Win32
		{4B11EFB3-D268-42FB-A105-4F36791F722B}.Release|x86.Build.0 = Release|Win32
		{C0F7C6B5-6C13-4C50-9A15-13CF660217B8}.Debug|x64.ActiveCfg = Debug|x64
		{C0F7C6B5-6C13-4C50-9A15-13CF660217B8}.Debug|x64.Build.0 = Debug|x64
		{C0F7C6B5-6C13-4C50-9A15-13CF660217B8}.Debug|x86.ActiveCfg = Debug|Win32
		{C0F7C6B5-6C13-4C50-9A15-13CF660217B8}.Debug|x86.Build.0 = Debug|Win32
		{C0F7C6B5-6C13-4C50-9A15-13CF660217B8}.Release|x64.ActiveCfg = Release|x64
		{C0F7C6B5-6C13-4C50-9A15-13CF660217B8}.Release|x64.Build.0 = Release|x64
		{C0F7C6B5-6C13-4C50-9A15-13CF660217B8}.Release|x86.ActiveCfg = Release|Win32
		{C0F7C6B5-6C13-4C50-9A15-13CF660217B8}.Release|x86.Build.0 = Release|Win32
		{8BF615C2-B623-4F2A-8416-8903865D59E4}.Debug|x64.ActiveCfg = Debug|x64
		{8BF615C2-B623-4F2A-8416-8903865D59E4}.Debug|x64.Build.0 = Debug|x64
		{8BF615C2-B623-4F2A-8416-8903865D59E4}.Debug|x86.ActiveCfg = Debug|Win32
		{8BF615C2-B623-4F2A-8416-8903865D59E4}.Debug|x86.Build.0 = Debug|Win32
		{8BF615C2-B623-4F2A-8416-8903865D59E4}.Release|x64.ActiveCfg = Release|x64
		{8BF615C2-B623-4F2A-8416-8903865D59E4}.Release|x64.Build.0 = Release|x64
		{8BF615C2-B623-4F2A-8416-8903865D59E4}.Release|x86.ActiveCfg = Release|Win32
		{8BF615C2-B623-4F2A-8416-8903865D59E4}.Release|x86.Build.0 = Release|Win32
		{DF43504F-60E1-4580-A584-B92C931AC671}.Debug|x64.ActiveCfg = Debug|x64
		{DF43504F-60E1-4580-A584-B92C931AC671}.Debug|x64.Build.0 = Debug|x64
		{DF43504F-60E1-4580-A584-B92C931AC671}.Debug|x86.ActiveCfg = Debug|Win32
		{DF43504F-60E1-4580-A584-B92C931AC671}.Debug|x86.Build.0 = Debug|Win32
		{DF43504F-60E1-4580-A584-B92C931AC671}.Release|x64.ActiveCfg = Release|x64
		{DF43504F-60E1-4580-A584-B92C931AC671}.Release|x64.Build.0 = Release|x64
		{DF43504F-60E1-4580-A584-B92C931AC671}.Release|x86.ActiveCfg = Release|Win32
		{DF43504F-60E1-4580-A584-B92C931AC671}.Release|x86.Build.0 = Release|Win32
		{4468F280-5063-4C15-9DE8-249D7ABE95F6}.Debug|x64.ActiveCfg = Debug|x64
		{4468F280-5063-4C15-9DE8-249D7ABE95F6}.Debug|x64.Build.0 = Debug|x64
		{4468F280-5063-4C15-9DE8-249D7ABE95F6}.Debug|x86.ActiveCfg = Debug|Win32
		{4468F280-5063-4C15-9DE8-249D7ABE95F6}.Debug|x86.Build.0 = Debug|Win32
		{4468F280-5063-4C15-9DE8-249D7ABE95F6}.Release|x64.ActiveCfg = Release|x64
		{4468F280-5063-4C15-9DE8-249D7ABE95F6}.Release|x64.Build.0 = Release|x64
		{4468F280-5063-4C15-9DE8-249D7ABE95F6}.Release|x86.ActiveCfg = Release|Win32
		{4468F280-5063-4C15-9DE8-249D7ABE95F6}.Release|x86.Build.0 = Release|Win32
		{A75C2E40-063F-4321-8D3B-942670653A16}.Debug|x64.ActiveCfg = Debug|x64
		{A75C2E40-063F-4321-8D3B-942670653A16}.Debug|x64.Build.0 = Debug|x64
		{A75C2E40-063F-4321-8D3B-942670653A16}.Debug|x86.ActiveCfg = Debug|Win32
		{A75C2E40-063F-4321-8D3B-942670653A16}.Debug|x86.Build.0 = Debug|Win32
		{A75C2E40-063F-4321-8D3B-942670653A16}.Release|x64.ActiveCfg = Release|x64
		{A75C2E40-063F-4321-8D3B-942670653A16}.Release|x64.Build.0 = Release|x64
		{A75C2E40-063F-4321-8D3B-942670653A16}.Release|x86.ActiveCfg = Release|Win32
		{A75C2E40-063F-4321-8D3B-942670653A16}.Release|x86.Build.0 = Release|Win32
		{2854A2F6-6C7C-468E-A686-E88444E4D542}.Debug|x64.ActiveCfg = Debug|x64
		{2854A2F6-6C7C-468E-A686-E88444E4D542}.Debug|x64.Build.0 = Debug|x64
		{2854A2F6-6C7C-468E-A686-E88444E4D542}.Debug|x86.ActiveCfg = Debug|Win32
		{2854A2F6-6C7C-468E-A686-E88444E4D542}.Debug|x86.Build.0 = Debug|Win32
		{2854A2F6-6C7C-468E-A686-E88444E4D542}.Release|x64.ActiveCfg = Release|x64
		{2854A2F6-6C7C-468E-A686-E88444E4D542}.Release|x64.Build.0 = Release|x64
		{2854A2F6-6C7C-468E-A686-E88444E4D542}.Release|x86.ActiveCfg = Release|Win32
		{2854A2F6-6C7C-468E-A686-E88444E4D542}.Release|x86.Build.0 = Release|Win32
		{6FA5D98C-C8C9-433F-9B47-9900CA91AE64}.Debug|x64.ActiveCfg = Debug|x64
		{6FA5D98C-C8C9-433F-9B47-9900CA91AE64}.Debug|x64.Build.0 = Debug|x64
		{6FA5D98C-C8C9-433F-9B47-9900CA91AE64}.Debug|x86.ActiveCfg = Debug|Win32
		{6FA5D98C-C8C9-433F-9B47-9900CA91AE64}.Debug|x86.Build.0 = Debug|Win32
		{6FA5D98C-C8C9-433F-9B47-9900CA91AE64}.Release|x64.ActiveCfg = Release|x64
		{6FA5D98C-C8C9-433F-9B47-9900CA91AE64}.Release|x64.Build.0 = Release|x64
		{6FA5D98C-C8C9-433F-9B47-9900CA91AE64}.Release|x86.ActiveCfg = Release|Win32
		{6FA5D98C-C8C9-433F-9B47-9900CA91AE64}.Release|x86.Build.0 = Release|Win32
		{90A61885-228B-48F2-9F15-8555DBEF96AF}.Debug|x64.ActiveCfg = Debug|x64
		{90A61885-228B-48F2-9F15-8555DBEF96AF}.Debug|x64.Build.0 = Debug|x64
		{90A61885-228B-48F2-9F15-8555DBEF96AF}.Debug|x86.ActiveCfg = Debug|Win32
		{90A61885-228B-48F2-9F15-8555DBEF96AF}.Debug|x86.Build.0 = Debug|Win32
		{90A61885-228B-48F2-9F15-8555DBEF96AF}.Release|x64.ActiveCfg = Release|x64
		{90A61885-228B-48F2-9F15-8555DBEF96AF}.Release|x64.Build.0 = Release|x64
		{90A61885-228B-48F2-9F15-8555DBEF96AF}.Release|x86.ActiveCfg = Release|Win32
		{90A61885-228B-48F2-9F15-8555DBEF96AF}.Release|x86.Build.0 = Release|Win32
		{E16B6C9E-AA91-4C1F-8A5D-8267947B927D}.Debug|x64.ActiveCfg = Debug|x64
		{E16B6C9E-AA91-4C1F-8A5D-8267947B927D}.Debug|x64.Build.0 = Debug|x64
		{E16B6C9E-AA91-4C1F-8A5D-8267947B927D}.Debug|x86.ActiveCfg = Debug|Win32
		{E16B6C9E-AA91-4C1F-8A5D-8267947B927D}.Debug|x86.Build.0 = Debug|Win32
		{E16B6C9E-AA91-4C1F-8A5D-8267947B927D}.Release|x64.ActiveCfg = Release|x64
		{E16B6C9E-AA91-4C1F-8A5D-8267947B927D}.Release|x64.Build.0 = Release|x64
		{E16B6C9E-AA91-4C1F-8A5D-8267947B927D}.Release|x86.ActiveCfg = Release|Win32
		{E16B6C9E-AA91-4C1F-8A5D-8267947B927D}.Release|x86.Build.0 = Release|Win32
		{283B3A55-B999-4318-AA63-402DD621C8EC}.Debug|x64.ActiveCfg = Debug|x64
		{283B3A55-B999-4318-AA63-402DD621C8EC}.Debug|x64.Build.0 = Debug|x64
		{283B3A55-B999-4318-AA63-402DD621C8EC}.Debug|x86.ActiveCfg = Debug|Win32
		{283B3A55-B999-4318-AA63-402DD621C8EC}.Debug|x86.Build.0 = Debug|Win32
		{283B3A55-B999-4318-AA63-402DD621C8EC}.Release|x64.ActiveCfg = Release|x64
		{283B3A55-B999-4318-AA63-402DD621C8EC}.Release|x64.Build.0 = Release|x64
		{283B3A55-B999-4318-AA63-402DD621C8EC}.Release|x86.ActiveCfg = Release|Win32
		{283B3A55-B999-4318-AA63-402DD621C8EC}.Release|x86.Build.0 = Release|Win32
		{118DC290-5C05-4323-81F9-F7D373B68AB3}.Debug|x64.ActiveCfg = Debug|x64
		{118DC290-5C05-4323-81F9-F7D373B68AB3}.Debug|x64.Build.0 = Debug|x64
		{118DC290-5C05-4323-81F9-F7D373B68AB3}.Debug|x86.ActiveCfg = Debug|Win32
		{118DC290-5C05-4323-81F9-F7D373B68AB3}.Debug|x86.Build.0 = Debug|Win32
		{118DC290-5C05-4323-81F9-F7D373B68AB3}.Release|x64.ActiveCfg = Release|x64
		{118DC290-5C05-4323-81F9-F7D373B68AB3}.Release|x64.Build.0 = Release|x64
		{118DC290-5C05-4323-81F9-F7D373B68AB3}.Release|x86.ActiveCfg = Release|Win32
		{118DC290-5C05-4323-81F9-F7D373B68AB3}.Release|x86.Build.0 = Release|Win32
		{DED06D87-61E2-4AA5-9BDA-530EC876BC17}.Debug|x64.ActiveCfg = Debug|x64
		{DED06D87-61E2-4AA5-9BDA-530EC876BC17}.Debug|x64.Build.0 = Debug|x64
		{DED06D87-61E2-4AA5-9BDA-530EC876BC17}.Debug|x86.ActiveCfg = Debug|Win32
		{DED06D87-61E2-4AA5-9BDA-530EC876BC17}.Debug|x86.Build.0 = Debug|Win32
		{DED06D87-61E2-4AA5-9BDA-530EC876BC17}.Release|x64.ActiveCfg = Release|x64
		{DED06D87-61E2-4AA5-9BDA-530EC876BC17}.Release|x64.Build.0 = Release|x64
		{DED06D87-61E2-4AA5-9BDA-530EC876BC17}.Release|x86.ActiveCfg = Release|Win32
		{DED06D87-61E2-4AA5-9BDA-530EC876BC17}.Release|x86.Build.0 = Release|Win32
		{FFC22340-A203-4506-A769-012C7677C9CA}.Debug|x64.ActiveCfg = Debug|x64
		{FFC22340-A203-4506-A769-012C7677C9CA}.Debug|x64.Build.0 = Debug|x64
		{FFC22340-A203-4506-A769-012C7677C9CA}.Debug|x86.ActiveCfg = Debug|Win32
		{FFC22340-A203-4506-A769-012C7677C9CA}.Debug|x86.Build.0 = Debug|Win32
		{FFC22340-A203-4506-A769-012C7677C9CA}.Release|x64.ActiveCfg = Release|x64
		{FFC22340-A203-4506-A769-012C7677C9CA}.Release|x64.Build.0 = Release|x64
		{FFC22340-A203-4506-A769-012C7677C9CA}.Release|x86.ActiveCfg = Release|Win32
		{FFC22340-A203-4506-A769-012C7677C9CA}.Release|x86.Build.0 = Release|Win32
		{59A7DA06-0863-426B-AE8B-7AAD3817BA06}.Debug|x64.ActiveCfg = Debug|x64
		{59A7DA06-0863-426B-AE8B-7AAD3817BA06}.Debug|x64.Build.0 = Debug|x64
		{59A7DA06-0863-426B-AE8B-7AAD3817BA06}.Debug|x86.ActiveCfg = Debug|Win32
		{59A7DA06-0863-426B-AE8B-7AAD3817BA06}.Debug|x86.Build.0 = Debug|Win32
		{59A7DA06-0863-426B-AE8B-7AAD3817BA06}.Release|x64.ActiveCfg = Release|x64
		{59A7DA06-0863-426B-AE8B-7AAD3817BA06}.Release|x64.Build.0 = Release|x64
		{59A7DA06-0863-426B-AE8B-7AAD3817BA06}.Release|x86.ActiveCfg = Release|Win32
		{59A7DA06-0863-426B-AE8B-7AAD3817BA06}.Release|x86.Build.0 = Release|Win32
		{586A7A4A-7071-4B82-8037-92C020D119BA}.Debug|x64.ActiveCfg = Debug|x64
		{586A7A4A-7071-4B82-8037-92C020D119BA}.Debug|x64.Build.0 = Debug|x64
		{586A7A4A-7071-4B82-8037-92C020D119BA}.Debug|x86.ActiveCfg = Debug|Win32
		{586A7A4A-7071-4B82-8037-92C020D119BA}.Debug|x86.Build.0 = Debug|Win32
		{586A7A4A-7071-4B82-8037-92C020D119BA}.Release|x64.ActiveCfg = Release|x64
		{586A7A4A-7071-4B82-8037-92C020D119BA}.Release|x64.Build.0 = Release|x64
		{586A7A4A-7071-4B82-8037-92C020D119BA}.Release|x86.ActiveCfg = Release|Win32
		{586A7A4A-7071-4B82-8037-92C020D119BA}.Release|x86.Build.0 = Release|Win32
		{AF4E4962-D061-4010-92AA-84F9495443C3}.Debug|x64.ActiveCfg = Debug|x64
		{AF4E4962-D061-4010-92AA-84F9495443C3}.Debug|x64.Build.0 = Debug|x64
		{AF4E4962-D061-4010-92AA-84F9495443C3}.Debug|x86.ActiveCfg = Debug|Win32
		{AF4E4962-D061-4010-92AA-84F9495443C3}.Debug|x86.Build.0 = Debug|Win32
		{AF4E4962-D061-4010-92AA-84F9495443C3}.Release|x64.ActiveCfg = Release|x64
		{AF4E4962-D061-4010-92AA-84F9495443C3}.Release|x64.Build.0 = Release|x64
		{AF4E4962-D061-4010-92AA-84F9495443C3}.Release|x86.ActiveCfg = Release|Win32
		{AF4E4962-D061-4010-92AA-84F9495443C3}.Release|x86.Build.0 = Release|Win32
		{60A9C524-86F6-4327-BCDF-38E436688A9E}.Debug|x64.ActiveCfg = Debug|x64
		{60A9C524-86F6-4327-BCDF-38E436688A9E}.Debug|x64.Build.0 = Debug|x64
		{60A9C524-86F6-4327-BCDF-38E436688A9E}.Debug|x86.ActiveCfg = Debug|Win32
		{60A9C524-86F6-4327-BCDF-38E436688A9E}.Debug|x86.Build.0 = Debug|Win32
		{60A9C524-86F6-4327-BCDF-38E436688A9E}.Release|x64.ActiveCfg = Release|x64
		{60A9C524-86F6-4327-BCDF-38E436688A9E}.Release|x64.Build.0 = Release|x64
		{60A9C524-86F6-4327-BCDF-38E436688A9E}.Release|x86.ActiveCfg = Release|Win32
		{60A9C524-86F6-4327-BCDF-38E436688A9E}.Release|x86.Build.0 = Release|Win32
		{D3898A18-4645-4A59-9304-2237CFB5ADB9}.Debug|x64.ActiveCfg = Debug|x64
		{D3898A18-4645-4A59-9304-2237CFB5ADB9}.Debug|x64.Build.0 = Debug|x64
		{D3898A18-4645-4A59-9304-2237CFB5ADB9}.Debug|x86.ActiveCfg = Debug|Win32
		{D3898A18-4645-4A59-9304-2237CFB5ADB9}.Debug|x86.Build.0 = Debug|Win32
		{D3898A18-4645-4A59-9304-2237CFB5ADB9}.Release|x64.ActiveCfg = Release|x64
		{D3898A18-4645-4A59-9304-2237CFB5ADB9}.Release|x64.Build.0 = Release|x64
		{D3898A18-4645-4A59-9304-2237CFB5ADB9}.Release|x86.ActiveCfg = Release|Win32
		{D3898A18-4645-4A59-9304-2237CFB5ADB9}.Release|x86.Build.0 = Release|Win32
		{31DA9906-101B-4E18-B0A3-1CCA1D3937F8}.Debug|x64.ActiveCfg = Debug|x64
		{31DA9906-101B-4E18-B0A3-1CCA1D3937F8}.Debug|x64.Build.0 = Debug|x64
		{31DA9906-101B-4E18-B0A3-1CCA1D3937F8}.Debug|x86.ActiveCfg = Debug|Win32
		{31DA9906-101B-4E18-B0A3-1CCA1D3937F8}.Debug|x86.Build.0 = Debug|Win32
		{31DA9906-101B-4E18-B0A3-1CCA1D3937F8}.Release|x64.ActiveCfg = Release|x64
		{31DA9906-101B-4E18-B0A3-1CCA1D3937F8}.Release|x64.Build.0 = Release|x64
		{31DA9906-101B-4E18-B0A3-1CCA1D3937F8}.Release|x86.ActiveCfg = Release|Win32
		{31DA9906-101B-4E18-B0A3-1CCA1D3937F8}.Release|x86.Build.0 = Release|Win32
		{D771DB4C-5DD0-445B-8809-90726AA928BC}.Debug|x64.ActiveCfg = Debug|x64
		{D771DB4C-5DD0-445B-8809-90726AA928BC}.Debug|x64.Build.0 = Debug|x64
		{D771DB4C-5DD0-445B-8809-90726AA928BC}.Debug|x86.ActiveCfg = Debug|Win32
		{D771DB4C-5DD0-445B-8809-90726AA928BC}.Debug|x86.Build.0 = Debug|Win32
		{D771DB4C-5DD0-445B-8809-90726AA928BC}.Release|x64.ActiveCfg = Release|x64
		{D771DB4C-5DD0-445B-8809-90726AA928BC}.Release|x64.Build.0 = Release|x64
		{D771DB4C-5DD0-445B-8809-90726AA928BC}.Release|x86.ActiveCfg = Release|Win32
		{D771DB4C-5DD0-445B-8809-90726AA928BC}.Release|x86.Build.0 = Release|Win32
		{D6BA4B56-FB7D-46FB-B964-33B17C4D84F6}.Debug|x64.ActiveCfg = Debug|x64
		{D6BA4B56-FB7D-46FB-B964-33B17C4D84F6}.Debug|x64.Build.0 = Debug|x64
		{D6BA4B56-FB7D-46FB-B964-33B17C4D84F6}.Debug|x86.ActiveCfg = Debug|Win32
		{D6BA4B56-FB7D-46FB-B964-33B17C4D84F6}.Debug|x86.Build.0 = Debug|Win32
		{D6BA4B56-FB7D-46FB-B964-33B17C4D84F6}.Release|x64.ActiveCfg = Release|x64
		{D6BA4B56-FB7D-46FB-B964-33B17C4D84F6}.Release|x64.Build.0 = Release|x64
		{D6BA4B56-FB7D-46FB-B964-33B17C4D84F6}.Release|x86.ActiveCfg = Release|Win32
		{D6BA4B56-FB7D-46FB-B964-33B17C4D84F6}.Release|x86.Build.0 = Release|Win32
		{0547665B-0325-4516-8575-C9E9502D1106}.Debug|x64.ActiveCfg = Debug|x64
		{0547665B-0325-4516-8575-C9E9502D1106}.Debug|x64.Build.0 = Debug|x64
		{0547665B-0325-4516-8575-C9E9502D1106}.Debug|x86.ActiveCfg = Debug|Win32
		{0547665B-0325-4516-8575-C9E9502D1106}.Debug|x86.Build.0 = Debug|Win32
		{0547665B-0325-4516-8575-C9E9502D1106}.Release|x64.ActiveCfg = Release|x64
		{0547665B-0325-4516-8575-C9E9502D1106}.Release|x64.Build.0 = Release|x64
		{0547665B-0325-4516-8575-C9E9502D1106}.Release|x86.ActiveCfg = Release|Win32
		{0547665B-0325-4516-8575-C9E9502D1106}.Release|x86.Build.0 = Release|Win32
		{00E54226-6758-4E65-98B2-7B5655330B57}.Debug|x64.ActiveCfg = Debug|x64
		{00E54226-6758-4E65-98B2-7B5655330B57}.Debug|x64.Build.0 = Debug|x64
		{00E54226-6758-4E65-98B2-7B5655330B57}.Debug|x86.ActiveCfg = Debug|Win32
		{00E54226-6758-4E65-98B2-7B5655330B57}.Debug|x86.Build.0 = Debug|Win32
		{00E54226-6758-4E65-98B2-7B5655330B57}.Release|x64.ActiveCfg = Release|x64
		{00E54226-6758-4E65-98B2-7B5655330B57}.Release|x64.Build.0 = Release|x64
		{00E54226-6758-4E65-98B2-7B5655330B57}.Release|x86.ActiveCfg = Release|Win32
		{00E54226-6758-4E65-98B2-7B5655330B57}.Release|x86.Build.0 = Release|Win32
		{BD8483F7-5A26-43D3-9F7A-98295155DEE3}.Debug|x64.ActiveCfg = Debug|x64
		{BD8483F7-5A26-43D3-9F7A-98295155DEE3}.Debug|x64.Build.0 = Debug|x64
		{BD8483F7-5A26-43D3-9F7A-98295155DEE3}.Debug|x86.ActiveCfg = Debug|Win32
		{BD8483F7-5A26-43D3-9F7A-98295155DEE3}.Debug|x86.Build.0 = Debug|Win32
		{BD8483F7-5A26-43D3-9F7A-98295155DEE3}.Release|x64.ActiveCfg = Release|x64
		{BD8483F7-5A26-43D3-9F7A-98295155DEE3}.Release|x64.Build.0 = Release|x64
		{BD8483F7-5A26-43D3-9F7A-98295155DEE3}.Release|x86.ActiveCfg = Release|Win32
		{BD8483F7-5A26-43D3-9F7A-98295155DEE3}.Release|x86.Build.0 = Release|Win32
		{DDAE69AB-D29B-45D6-8558-A326C976CF24}.Debug|x64.ActiveCfg = Debug|x64
		{DDAE69AB-D29B-45D6-8558-A326C976CF24}.Debug|x64.Build.0 = Debug|x64
		{DDAE69AB-D29B-45D6-8558-A326C976CF24}.Debug|x86.ActiveCfg = Debug|Win32
		{DDAE69AB-D29B-45D6-8558-A326C976CF24}.Debug|x86.Build.0 = Debug|Win32
		{DDAE69AB-D29B-45D6-8558-A326C976CF24}.Release|x64.ActiveCfg = Release|x64
		{DDAE69AB-D29B-45D6-8558-A326C976CF24}.Release|x64.Build.0 = Release|x64
		{DDAE69AB-D29B-45D6-8558-A326C976CF24}.Release|x86.ActiveCfg = Release|Win32
		{DDAE69AB-D29B-45D6-8558-A326C976CF24}.Release|x86.Build.0 = Release|Win32
	EndGlobalSection
	GlobalSection(SolutionProperties) = preSolution
		HideSolutionNode = FALSE
	EndGlobalSection
	GlobalSection(ExtensibilityGlobals) = postSolution
		SolutionGuid = {E0D48B95-C0D3-4BC0-981A-CDE258A74B2B}
	EndGlobalSection
EndGlobal
